// !$*UTF8*$!
{
	archiveVersion = 1;
	classes = {
	};
	objectVersion = 46;
	objects = {

/* Begin PBXBuildFile section */
		5132FABB1A5FC10300A43A59 /* AppDelegate.m in Sources */ = {isa = PBXBuildFile; fileRef = 5132FABA1A5FC10300A43A59 /* AppDelegate.m */; };
		5132FABD1A5FC10300A43A59 /* main.m in Sources */ = {isa = PBXBuildFile; fileRef = 5132FABC1A5FC10300A43A59 /* main.m */; };
		5132FAC21A5FC10300A43A59 /* Images.xcassets in Resources */ = {isa = PBXBuildFile; fileRef = 5132FAC11A5FC10300A43A59 /* Images.xcassets */; };
		5132FAC51A5FC10300A43A59 /* Main.storyboard in Resources */ = {isa = PBXBuildFile; fileRef = 5132FAC31A5FC10300A43A59 /* Main.storyboard */; };
		5132FAD11A5FC10300A43A59 /* Hearthstone_Deck_TrackerTests.m in Sources */ = {isa = PBXBuildFile; fileRef = 5132FAD01A5FC10300A43A59 /* Hearthstone_Deck_TrackerTests.m */; };
		5166468C1A621F2900E36F26 /* CardCellView.m in Sources */ = {isa = PBXBuildFile; fileRef = 5166468B1A621F2900E36F26 /* CardCellView.m */; };
		5166468F1A621FF700E36F26 /* CardModel.m in Sources */ = {isa = PBXBuildFile; fileRef = 5166468E1A621FF700E36F26 /* CardModel.m */; };
		516646931A6228B700E36F26 /* RealmGenerator.m in Sources */ = {isa = PBXBuildFile; fileRef = 516646921A6228B700E36F26 /* RealmGenerator.m */; };
		5192D17C1A62A5B500B239C5 /* RLMObject+Copying.m in Sources */ = {isa = PBXBuildFile; fileRef = 5192D17B1A62A5B500B239C5 /* RLMObject+Copying.m */; };
		5192D1801A62B09E00B239C5 /* NetEaseCardBuilderImporter.m in Sources */ = {isa = PBXBuildFile; fileRef = 5192D17F1A62B09E00B239C5 /* NetEaseCardBuilderImporter.m */; };
		5192D1831A62B10800B239C5 /* SystemHelper.m in Sources */ = {isa = PBXBuildFile; fileRef = 5192D1821A62B10800B239C5 /* SystemHelper.m */; };
		5194F5491A661746005BBD08 /* Hearthstone.m in Sources */ = {isa = PBXBuildFile; fileRef = 5194F5411A661746005BBD08 /* Hearthstone.m */; };
		5194F54A1A661746005BBD08 /* LogAnalyzer.m in Sources */ = {isa = PBXBuildFile; fileRef = 5194F5431A661746005BBD08 /* LogAnalyzer.m */; };
		5194F54B1A661746005BBD08 /* LogObserver.m in Sources */ = {isa = PBXBuildFile; fileRef = 5194F5451A661746005BBD08 /* LogObserver.m */; };
		5194F5581A6617E8005BBD08 /* libsqlite3.0.dylib in Frameworks */ = {isa = PBXBuildFile; fileRef = 5194F5571A6617E8005BBD08 /* libsqlite3.0.dylib */; };
		51B86CDD1A63DBD1001AB7D7 /* LogReader.m in Sources */ = {isa = PBXBuildFile; fileRef = 51B86CDC1A63DBD1001AB7D7 /* LogReader.m */; };
		51C72D7E1A6190B4004C374E /* Files in Resources */ = {isa = PBXBuildFile; fileRef = 51C72D7A1A6190B4004C374E /* Files */; };
		51C72D7F1A6190B4004C374E /* Images in Resources */ = {isa = PBXBuildFile; fileRef = 51C72D7B1A6190B4004C374E /* Images */; };
		51C72D801A6190B4004C374E /* Resources in Resources */ = {isa = PBXBuildFile; fileRef = 51C72D7C1A6190B4004C374E /* Resources */; };
		51C72D851A619118004C374E /* CardListViewController.m in Sources */ = {isa = PBXBuildFile; fileRef = 51C72D841A619118004C374E /* CardListViewController.m */; };
		51C72D881A619218004C374E /* DeckManangerController.m in Sources */ = {isa = PBXBuildFile; fileRef = 51C72D871A619218004C374E /* DeckManangerController.m */; };
		51F7DAD11A625E7000E69120 /* CoreGraphics.framework in Frameworks */ = {isa = PBXBuildFile; fileRef = 51F7DAD01A625E7000E69120 /* CoreGraphics.framework */; };
		D3D6FC08335C98DCC2E9265C /* libPods.a in Frameworks */ = {isa = PBXBuildFile; fileRef = CB0D96C4241DA85CCE2EA371 /* libPods.a */; };
/* End PBXBuildFile section */

/* Begin PBXContainerItemProxy section */
		5132FACB1A5FC10300A43A59 /* PBXContainerItemProxy */ = {
			isa = PBXContainerItemProxy;
			containerPortal = 5132FAAC1A5FC10200A43A59 /* Project object */;
			proxyType = 1;
			remoteGlobalIDString = 5132FAB31A5FC10200A43A59;
			remoteInfo = "Hearthstone-Deck-Tracker";
		};
/* End PBXContainerItemProxy section */

/* Begin PBXFileReference section */
		1FBA87E4F9AB86CE995F70A4 /* Pods.debug.xcconfig */ = {isa = PBXFileReference; includeInIndex = 1; lastKnownFileType = text.xcconfig; name = Pods.debug.xcconfig; path = "Pods/Target Support Files/Pods/Pods.debug.xcconfig"; sourceTree = "<group>"; };
		5132FAB41A5FC10200A43A59 /* Hearthstone-Deck-Tracker.app */ = {isa = PBXFileReference; explicitFileType = wrapper.application; includeInIndex = 0; path = "Hearthstone-Deck-Tracker.app"; sourceTree = BUILT_PRODUCTS_DIR; };
		5132FAB81A5FC10300A43A59 /* Info.plist */ = {isa = PBXFileReference; lastKnownFileType = text.plist.xml; path = Info.plist; sourceTree = "<group>"; };
		5132FAB91A5FC10300A43A59 /* AppDelegate.h */ = {isa = PBXFileReference; lastKnownFileType = sourcecode.c.h; path = AppDelegate.h; sourceTree = "<group>"; };
		5132FABA1A5FC10300A43A59 /* AppDelegate.m */ = {isa = PBXFileReference; lastKnownFileType = sourcecode.c.objc; path = AppDelegate.m; sourceTree = "<group>"; };
		5132FABC1A5FC10300A43A59 /* main.m */ = {isa = PBXFileReference; lastKnownFileType = sourcecode.c.objc; path = main.m; sourceTree = "<group>"; };
		5132FAC11A5FC10300A43A59 /* Images.xcassets */ = {isa = PBXFileReference; lastKnownFileType = folder.assetcatalog; path = Images.xcassets; sourceTree = "<group>"; };
		5132FAC41A5FC10300A43A59 /* Base */ = {isa = PBXFileReference; lastKnownFileType = file.storyboard; name = Base; path = Base.lproj/Main.storyboard; sourceTree = "<group>"; };
		5132FACA1A5FC10300A43A59 /* Hearthstone-Deck-TrackerTests.xctest */ = {isa = PBXFileReference; explicitFileType = wrapper.cfbundle; includeInIndex = 0; path = "Hearthstone-Deck-TrackerTests.xctest"; sourceTree = BUILT_PRODUCTS_DIR; };
		5132FACF1A5FC10300A43A59 /* Info.plist */ = {isa = PBXFileReference; lastKnownFileType = text.plist.xml; path = Info.plist; sourceTree = "<group>"; };
		5132FAD01A5FC10300A43A59 /* Hearthstone_Deck_TrackerTests.m */ = {isa = PBXFileReference; lastKnownFileType = sourcecode.c.objc; path = Hearthstone_Deck_TrackerTests.m; sourceTree = "<group>"; };
		51514C3A1A6657B400395567 /* CardJs */ = {isa = PBXFileReference; lastKnownFileType = folder; name = CardJs; path = "Hearthstone-Deck-Tracker/CardJs"; sourceTree = SOURCE_ROOT; };
		5166468A1A621F2900E36F26 /* CardCellView.h */ = {isa = PBXFileReference; fileEncoding = 4; lastKnownFileType = sourcecode.c.h; name = CardCellView.h; path = Views/CardCellView.h; sourceTree = "<group>"; };
		5166468B1A621F2900E36F26 /* CardCellView.m */ = {isa = PBXFileReference; fileEncoding = 4; lastKnownFileType = sourcecode.c.objc; name = CardCellView.m; path = Views/CardCellView.m; sourceTree = "<group>"; };
		5166468D1A621FF700E36F26 /* CardModel.h */ = {isa = PBXFileReference; fileEncoding = 4; lastKnownFileType = sourcecode.c.h; name = CardModel.h; path = Models/CardModel.h; sourceTree = "<group>"; };
		5166468E1A621FF700E36F26 /* CardModel.m */ = {isa = PBXFileReference; fileEncoding = 4; lastKnownFileType = sourcecode.c.objc; name = CardModel.m; path = Models/CardModel.m; sourceTree = "<group>"; };
		516646911A6228B700E36F26 /* RealmGenerator.h */ = {isa = PBXFileReference; fileEncoding = 4; lastKnownFileType = sourcecode.c.h; name = RealmGenerator.h; path = Utility/RealmGenerator.h; sourceTree = "<group>"; };
		516646921A6228B700E36F26 /* RealmGenerator.m */ = {isa = PBXFileReference; fileEncoding = 4; lastKnownFileType = sourcecode.c.objc; name = RealmGenerator.m; path = Utility/RealmGenerator.m; sourceTree = "<group>"; };
		5192D17A1A62A5B500B239C5 /* RLMObject+Copying.h */ = {isa = PBXFileReference; fileEncoding = 4; lastKnownFileType = sourcecode.c.h; name = "RLMObject+Copying.h"; path = "Utility/RLMObject+Copying.h"; sourceTree = "<group>"; };
		5192D17B1A62A5B500B239C5 /* RLMObject+Copying.m */ = {isa = PBXFileReference; fileEncoding = 4; lastKnownFileType = sourcecode.c.objc; name = "RLMObject+Copying.m"; path = "Utility/RLMObject+Copying.m"; sourceTree = "<group>"; };
		5192D17E1A62B09E00B239C5 /* NetEaseCardBuilderImporter.h */ = {isa = PBXFileReference; fileEncoding = 4; lastKnownFileType = sourcecode.c.h; name = NetEaseCardBuilderImporter.h; path = Importer/NetEaseCardBuilderImporter.h; sourceTree = "<group>"; };
		5192D17F1A62B09E00B239C5 /* NetEaseCardBuilderImporter.m */ = {isa = PBXFileReference; fileEncoding = 4; lastKnownFileType = sourcecode.c.objc; name = NetEaseCardBuilderImporter.m; path = Importer/NetEaseCardBuilderImporter.m; sourceTree = "<group>"; };
		5192D1811A62B10800B239C5 /* SystemHelper.h */ = {isa = PBXFileReference; fileEncoding = 4; lastKnownFileType = sourcecode.c.h; name = SystemHelper.h; path = Utility/SystemHelper.h; sourceTree = "<group>"; };
		5192D1821A62B10800B239C5 /* SystemHelper.m */ = {isa = PBXFileReference; fileEncoding = 4; lastKnownFileType = sourcecode.c.objc; name = SystemHelper.m; path = Utility/SystemHelper.m; sourceTree = "<group>"; };
		5194F5401A661746005BBD08 /* Hearthstone.h */ = {isa = PBXFileReference; fileEncoding = 4; lastKnownFileType = sourcecode.c.h; path = Hearthstone.h; sourceTree = "<group>"; };
		5194F5411A661746005BBD08 /* Hearthstone.m */ = {isa = PBXFileReference; fileEncoding = 4; lastKnownFileType = sourcecode.c.objc; path = Hearthstone.m; sourceTree = "<group>"; };
		5194F5421A661746005BBD08 /* LogAnalyzer.h */ = {isa = PBXFileReference; fileEncoding = 4; lastKnownFileType = sourcecode.c.h; path = LogAnalyzer.h; sourceTree = "<group>"; };
		5194F5431A661746005BBD08 /* LogAnalyzer.m */ = {isa = PBXFileReference; fileEncoding = 4; lastKnownFileType = sourcecode.c.objc; path = LogAnalyzer.m; sourceTree = "<group>"; };
		5194F5441A661746005BBD08 /* LogObserver.h */ = {isa = PBXFileReference; fileEncoding = 4; lastKnownFileType = sourcecode.c.h; path = LogObserver.h; sourceTree = "<group>"; };
		5194F5451A661746005BBD08 /* LogObserver.m */ = {isa = PBXFileReference; fileEncoding = 4; lastKnownFileType = sourcecode.c.objc; path = LogObserver.m; sourceTree = "<group>"; };
		5194F5571A6617E8005BBD08 /* libsqlite3.0.dylib */ = {isa = PBXFileReference; lastKnownFileType = "compiled.mach-o.dylib"; name = libsqlite3.0.dylib; path = usr/lib/libsqlite3.0.dylib; sourceTree = SDKROOT; };
		51B86CDB1A63DBD1001AB7D7 /* LogReader.h */ = {isa = PBXFileReference; fileEncoding = 4; lastKnownFileType = sourcecode.c.h; name = LogReader.h; path = LogReader/LogReader.h; sourceTree = "<group>"; };
		51B86CDC1A63DBD1001AB7D7 /* LogReader.m */ = {isa = PBXFileReference; fileEncoding = 4; lastKnownFileType = sourcecode.c.objc; name = LogReader.m; path = LogReader/LogReader.m; sourceTree = "<group>"; };
		51C72D7A1A6190B4004C374E /* Files */ = {isa = PBXFileReference; lastKnownFileType = folder; path = Files; sourceTree = "<group>"; };
		51C72D7B1A6190B4004C374E /* Images */ = {isa = PBXFileReference; lastKnownFileType = folder; path = Images; sourceTree = "<group>"; };
		51C72D7C1A6190B4004C374E /* Resources */ = {isa = PBXFileReference; lastKnownFileType = folder; path = Resources; sourceTree = "<group>"; };
		51C72D831A619118004C374E /* CardListViewController.h */ = {isa = PBXFileReference; fileEncoding = 4; lastKnownFileType = sourcecode.c.h; path = CardListViewController.h; sourceTree = "<group>"; };
		51C72D841A619118004C374E /* CardListViewController.m */ = {isa = PBXFileReference; fileEncoding = 4; lastKnownFileType = sourcecode.c.objc; path = CardListViewController.m; sourceTree = "<group>"; };
		51C72D861A619218004C374E /* DeckManangerController.h */ = {isa = PBXFileReference; fileEncoding = 4; lastKnownFileType = sourcecode.c.h; path = DeckManangerController.h; sourceTree = "<group>"; };
		51C72D871A619218004C374E /* DeckManangerController.m */ = {isa = PBXFileReference; fileEncoding = 4; lastKnownFileType = sourcecode.c.objc; path = DeckManangerController.m; sourceTree = "<group>"; };
		51F7DAD01A625E7000E69120 /* CoreGraphics.framework */ = {isa = PBXFileReference; lastKnownFileType = wrapper.framework; name = CoreGraphics.framework; path = System/Library/Frameworks/CoreGraphics.framework; sourceTree = SDKROOT; };
		774564573B6A33F52AC6E9AA /* Pods.release.xcconfig */ = {isa = PBXFileReference; includeInIndex = 1; lastKnownFileType = text.xcconfig; name = Pods.release.xcconfig; path = "Pods/Target Support Files/Pods/Pods.release.xcconfig"; sourceTree = "<group>"; };
		CB0D96C4241DA85CCE2EA371 /* libPods.a */ = {isa = PBXFileReference; explicitFileType = archive.ar; includeInIndex = 0; path = libPods.a; sourceTree = BUILT_PRODUCTS_DIR; };
/* End PBXFileReference section */

/* Begin PBXFrameworksBuildPhase section */
		5132FAB11A5FC10200A43A59 /* Frameworks */ = {
			isa = PBXFrameworksBuildPhase;
			buildActionMask = 2147483647;
			files = (
				5194F5581A6617E8005BBD08 /* libsqlite3.0.dylib in Frameworks */,
				51F7DAD11A625E7000E69120 /* CoreGraphics.framework in Frameworks */,
				D3D6FC08335C98DCC2E9265C /* libPods.a in Frameworks */,
			);
			runOnlyForDeploymentPostprocessing = 0;
		};
		5132FAC71A5FC10300A43A59 /* Frameworks */ = {
			isa = PBXFrameworksBuildPhase;
			buildActionMask = 2147483647;
			files = (
			);
			runOnlyForDeploymentPostprocessing = 0;
		};
/* End PBXFrameworksBuildPhase section */

/* Begin PBXGroup section */
		5132FAAB1A5FC10200A43A59 = {
			isa = PBXGroup;
			children = (
				5132FAB61A5FC10200A43A59 /* Hearthstone-Deck-Tracker */,
				5132FACD1A5FC10300A43A59 /* Hearthstone-Deck-TrackerTests */,
				5132FAB51A5FC10200A43A59 /* Products */,
				ADED6EFEDB7C24AD291EA6FA /* Pods */,
				F5ED1B09858E5D10239A9FBC /* Frameworks */,
			);
			sourceTree = "<group>";
		};
		5132FAB51A5FC10200A43A59 /* Products */ = {
			isa = PBXGroup;
			children = (
				5132FAB41A5FC10200A43A59 /* Hearthstone-Deck-Tracker.app */,
				5132FACA1A5FC10300A43A59 /* Hearthstone-Deck-TrackerTests.xctest */,
			);
			name = Products;
			sourceTree = "<group>";
		};
		5132FAB61A5FC10200A43A59 /* Hearthstone-Deck-Tracker */ = {
			isa = PBXGroup;
			children = (
				51B86CDA1A63DB99001AB7D7 /* LogReader */,
				5192D17D1A62B04C00B239C5 /* Importer */,
				516646901A62287600E36F26 /* Utility */,
				516646881A620C4200E36F26 /* Models */,
				516646891A620C4A00E36F26 /* Views */,
				51C72D821A619118004C374E /* Controllers */,
				51514C3A1A6657B400395567 /* CardJs */,
				51C72D7A1A6190B4004C374E /* Files */,
				51C72D7B1A6190B4004C374E /* Images */,
				51C72D7C1A6190B4004C374E /* Resources */,
				5132FAB91A5FC10300A43A59 /* AppDelegate.h */,
				5132FABA1A5FC10300A43A59 /* AppDelegate.m */,
				5132FAC11A5FC10300A43A59 /* Images.xcassets */,
				5132FAC31A5FC10300A43A59 /* Main.storyboard */,
				5132FAB71A5FC10200A43A59 /* Supporting Files */,
			);
			path = "Hearthstone-Deck-Tracker";
			sourceTree = "<group>";
		};
		5132FAB71A5FC10200A43A59 /* Supporting Files */ = {
			isa = PBXGroup;
			children = (
				5132FAB81A5FC10300A43A59 /* Info.plist */,
				5132FABC1A5FC10300A43A59 /* main.m */,
			);
			name = "Supporting Files";
			sourceTree = "<group>";
		};
		5132FACD1A5FC10300A43A59 /* Hearthstone-Deck-TrackerTests */ = {
			isa = PBXGroup;
			children = (
				5132FAD01A5FC10300A43A59 /* Hearthstone_Deck_TrackerTests.m */,
				5132FACE1A5FC10300A43A59 /* Supporting Files */,
			);
			path = "Hearthstone-Deck-TrackerTests";
			sourceTree = "<group>";
		};
		5132FACE1A5FC10300A43A59 /* Supporting Files */ = {
			isa = PBXGroup;
			children = (
				5132FACF1A5FC10300A43A59 /* Info.plist */,
			);
			name = "Supporting Files";
			sourceTree = "<group>";
		};
		516646881A620C4200E36F26 /* Models */ = {
			isa = PBXGroup;
			children = (
				5166468D1A621FF700E36F26 /* CardModel.h */,
				5166468E1A621FF700E36F26 /* CardModel.m */,
			);
			name = Models;
			sourceTree = "<group>";
		};
		516646891A620C4A00E36F26 /* Views */ = {
			isa = PBXGroup;
			children = (
				5166468A1A621F2900E36F26 /* CardCellView.h */,
				5166468B1A621F2900E36F26 /* CardCellView.m */,
			);
			name = Views;
			sourceTree = "<group>";
		};
		516646901A62287600E36F26 /* Utility */ = {
			isa = PBXGroup;
			children = (
				5192D1811A62B10800B239C5 /* SystemHelper.h */,
				5192D1821A62B10800B239C5 /* SystemHelper.m */,
				516646911A6228B700E36F26 /* RealmGenerator.h */,
				516646921A6228B700E36F26 /* RealmGenerator.m */,
				5192D17A1A62A5B500B239C5 /* RLMObject+Copying.h */,
				5192D17B1A62A5B500B239C5 /* RLMObject+Copying.m */,
			);
			name = Utility;
			sourceTree = "<group>";
		};
		5192D17D1A62B04C00B239C5 /* Importer */ = {
			isa = PBXGroup;
			children = (
				5192D17E1A62B09E00B239C5 /* NetEaseCardBuilderImporter.h */,
				5192D17F1A62B09E00B239C5 /* NetEaseCardBuilderImporter.m */,
			);
			name = Importer;
			sourceTree = "<group>";
		};
		5194F53F1A661746005BBD08 /* Hearthstone */ = {
			isa = PBXGroup;
			children = (
				5194F5401A661746005BBD08 /* Hearthstone.h */,
				5194F5411A661746005BBD08 /* Hearthstone.m */,
				5194F5421A661746005BBD08 /* LogAnalyzer.h */,
				5194F5431A661746005BBD08 /* LogAnalyzer.m */,
				5194F5441A661746005BBD08 /* LogObserver.h */,
				5194F5451A661746005BBD08 /* LogObserver.m */,
			);
			name = Hearthstone;
			path = "hearthstone-tracker-osx/hearth/Classes/Hearthstone";
			sourceTree = SOURCE_ROOT;
		};
		51B86CDA1A63DB99001AB7D7 /* LogReader */ = {
			isa = PBXGroup;
			children = (
				5194F53F1A661746005BBD08 /* Hearthstone */,
				51B86CDB1A63DBD1001AB7D7 /* LogReader.h */,
				51B86CDC1A63DBD1001AB7D7 /* LogReader.m */,
			);
			name = LogReader;
			sourceTree = "<group>";
		};
		51C72D821A619118004C374E /* Controllers */ = {
			isa = PBXGroup;
			children = (
				51C72D831A619118004C374E /* CardListViewController.h */,
				51C72D841A619118004C374E /* CardListViewController.m */,
				51C72D861A619218004C374E /* DeckManangerController.h */,
				51C72D871A619218004C374E /* DeckManangerController.m */,
			);
			path = Controllers;
			sourceTree = "<group>";
		};
		ADED6EFEDB7C24AD291EA6FA /* Pods */ = {
			isa = PBXGroup;
			children = (
				1FBA87E4F9AB86CE995F70A4 /* Pods.debug.xcconfig */,
				774564573B6A33F52AC6E9AA /* Pods.release.xcconfig */,
			);
			name = Pods;
			sourceTree = "<group>";
		};
		F5ED1B09858E5D10239A9FBC /* Frameworks */ = {
			isa = PBXGroup;
			children = (
				5194F5571A6617E8005BBD08 /* libsqlite3.0.dylib */,
				51F7DAD01A625E7000E69120 /* CoreGraphics.framework */,
				CB0D96C4241DA85CCE2EA371 /* libPods.a */,
			);
			name = Frameworks;
			sourceTree = "<group>";
		};
/* End PBXGroup section */

/* Begin PBXNativeTarget section */
		5132FAB31A5FC10200A43A59 /* Deck Tracker */ = {
			isa = PBXNativeTarget;
			buildConfigurationList = 5132FAD41A5FC10300A43A59 /* Build configuration list for PBXNativeTarget "Deck Tracker" */;
			buildPhases = (
				DCFD997D0199FDD9A8D581C4 /* Check Pods Manifest.lock */,
				5132FAB01A5FC10200A43A59 /* Sources */,
				5132FAB11A5FC10200A43A59 /* Frameworks */,
				5132FAB21A5FC10200A43A59 /* Resources */,
				0C00E600CC85C527CE4839BA /* Copy Pods Resources */,
			);
			buildRules = (
			);
			dependencies = (
			);
			name = "Deck Tracker";
			productName = "Hearthstone-Deck-Tracker";
			productReference = 5132FAB41A5FC10200A43A59 /* Hearthstone-Deck-Tracker.app */;
			productType = "com.apple.product-type.application";
		};
		5132FAC91A5FC10300A43A59 /* Hearthstone-Deck-TrackerTests */ = {
			isa = PBXNativeTarget;
			buildConfigurationList = 5132FAD71A5FC10300A43A59 /* Build configuration list for PBXNativeTarget "Hearthstone-Deck-TrackerTests" */;
			buildPhases = (
				5132FAC61A5FC10300A43A59 /* Sources */,
				5132FAC71A5FC10300A43A59 /* Frameworks */,
				5132FAC81A5FC10300A43A59 /* Resources */,
			);
			buildRules = (
			);
			dependencies = (
				5132FACC1A5FC10300A43A59 /* PBXTargetDependency */,
			);
			name = "Hearthstone-Deck-TrackerTests";
			productName = "Hearthstone-Deck-TrackerTests";
			productReference = 5132FACA1A5FC10300A43A59 /* Hearthstone-Deck-TrackerTests.xctest */;
			productType = "com.apple.product-type.bundle.unit-test";
		};
/* End PBXNativeTarget section */

/* Begin PBXProject section */
		5132FAAC1A5FC10200A43A59 /* Project object */ = {
			isa = PBXProject;
			attributes = {
				LastUpgradeCheck = 0610;
				ORGANIZATIONNAME = rainy;
				TargetAttributes = {
					5132FAB31A5FC10200A43A59 = {
						CreatedOnToolsVersion = 6.1.1;
					};
					5132FAC91A5FC10300A43A59 = {
						CreatedOnToolsVersion = 6.1.1;
						TestTargetID = 5132FAB31A5FC10200A43A59;
					};
				};
			};
			buildConfigurationList = 5132FAAF1A5FC10200A43A59 /* Build configuration list for PBXProject "Hearthstone-Deck-Tracker" */;
			compatibilityVersion = "Xcode 3.2";
			developmentRegion = English;
			hasScannedForEncodings = 0;
			knownRegions = (
				en,
				Base,
			);
			mainGroup = 5132FAAB1A5FC10200A43A59;
			productRefGroup = 5132FAB51A5FC10200A43A59 /* Products */;
			projectDirPath = "";
			projectRoot = "";
			targets = (
				5132FAB31A5FC10200A43A59 /* Deck Tracker */,
				5132FAC91A5FC10300A43A59 /* Hearthstone-Deck-TrackerTests */,
			);
		};
/* End PBXProject section */

/* Begin PBXResourcesBuildPhase section */
		5132FAB21A5FC10200A43A59 /* Resources */ = {
			isa = PBXResourcesBuildPhase;
			buildActionMask = 2147483647;
			files = (
				51C72D7F1A6190B4004C374E /* Images in Resources */,
				51C72D7E1A6190B4004C374E /* Files in Resources */,
				51C72D801A6190B4004C374E /* Resources in Resources */,
				5132FAC21A5FC10300A43A59 /* Images.xcassets in Resources */,
				5132FAC51A5FC10300A43A59 /* Main.storyboard in Resources */,
			);
			runOnlyForDeploymentPostprocessing = 0;
		};
		5132FAC81A5FC10300A43A59 /* Resources */ = {
			isa = PBXResourcesBuildPhase;
			buildActionMask = 2147483647;
			files = (
			);
			runOnlyForDeploymentPostprocessing = 0;
		};
/* End PBXResourcesBuildPhase section */

/* Begin PBXShellScriptBuildPhase section */
		0C00E600CC85C527CE4839BA /* Copy Pods Resources */ = {
			isa = PBXShellScriptBuildPhase;
			buildActionMask = 2147483647;
			files = (
			);
			inputPaths = (
			);
			name = "Copy Pods Resources";
			outputPaths = (
			);
			runOnlyForDeploymentPostprocessing = 0;
			shellPath = /bin/sh;
			shellScript = "\"${SRCROOT}/Pods/Target Support Files/Pods/Pods-resources.sh\"\n";
			showEnvVarsInLog = 0;
		};
		DCFD997D0199FDD9A8D581C4 /* Check Pods Manifest.lock */ = {
			isa = PBXShellScriptBuildPhase;
			buildActionMask = 2147483647;
			files = (
			);
			inputPaths = (
			);
			name = "Check Pods Manifest.lock";
			outputPaths = (
			);
			runOnlyForDeploymentPostprocessing = 0;
			shellPath = /bin/sh;
			shellScript = "diff \"${PODS_ROOT}/../Podfile.lock\" \"${PODS_ROOT}/Manifest.lock\" > /dev/null\nif [[ $? != 0 ]] ; then\n    cat << EOM\nerror: The sandbox is not in sync with the Podfile.lock. Run 'pod install' or update your CocoaPods installation.\nEOM\n    exit 1\nfi\n";
			showEnvVarsInLog = 0;
		};
/* End PBXShellScriptBuildPhase section */

/* Begin PBXSourcesBuildPhase section */
		5132FAB01A5FC10200A43A59 /* Sources */ = {
			isa = PBXSourcesBuildPhase;
			buildActionMask = 2147483647;
			files = (
				5194F54A1A661746005BBD08 /* LogAnalyzer.m in Sources */,
				5166468C1A621F2900E36F26 /* CardCellView.m in Sources */,
				5166468F1A621FF700E36F26 /* CardModel.m in Sources */,
				5194F5491A661746005BBD08 /* Hearthstone.m in Sources */,
				51C72D851A619118004C374E /* CardListViewController.m in Sources */,
				5132FABD1A5FC10300A43A59 /* main.m in Sources */,
				5192D1801A62B09E00B239C5 /* NetEaseCardBuilderImporter.m in Sources */,
				5192D17C1A62A5B500B239C5 /* RLMObject+Copying.m in Sources */,
				51B86CDD1A63DBD1001AB7D7 /* LogReader.m in Sources */,
				5192D1831A62B10800B239C5 /* SystemHelper.m in Sources */,
				5194F54B1A661746005BBD08 /* LogObserver.m in Sources */,
				516646931A6228B700E36F26 /* RealmGenerator.m in Sources */,
				5132FABB1A5FC10300A43A59 /* AppDelegate.m in Sources */,
				51C72D881A619218004C374E /* DeckManangerController.m in Sources */,
			);
			runOnlyForDeploymentPostprocessing = 0;
		};
		5132FAC61A5FC10300A43A59 /* Sources */ = {
			isa = PBXSourcesBuildPhase;
			buildActionMask = 2147483647;
			files = (
				5132FAD11A5FC10300A43A59 /* Hearthstone_Deck_TrackerTests.m in Sources */,
			);
			runOnlyForDeploymentPostprocessing = 0;
		};
/* End PBXSourcesBuildPhase section */

/* Begin PBXTargetDependency section */
		5132FACC1A5FC10300A43A59 /* PBXTargetDependency */ = {
			isa = PBXTargetDependency;
			target = 5132FAB31A5FC10200A43A59 /* Deck Tracker */;
			targetProxy = 5132FACB1A5FC10300A43A59 /* PBXContainerItemProxy */;
		};
/* End PBXTargetDependency section */

/* Begin PBXVariantGroup section */
		5132FAC31A5FC10300A43A59 /* Main.storyboard */ = {
			isa = PBXVariantGroup;
			children = (
				5132FAC41A5FC10300A43A59 /* Base */,
			);
			name = Main.storyboard;
			sourceTree = "<group>";
		};
/* End PBXVariantGroup section */

/* Begin XCBuildConfiguration section */
		5132FAD21A5FC10300A43A59 /* Debug */ = {
			isa = XCBuildConfiguration;
			buildSettings = {
				ALWAYS_SEARCH_USER_PATHS = NO;
				CLANG_CXX_LANGUAGE_STANDARD = "gnu++0x";
				CLANG_CXX_LIBRARY = "libc++";
				CLANG_ENABLE_MODULES = YES;
				CLANG_ENABLE_OBJC_ARC = YES;
				CLANG_WARN_BOOL_CONVERSION = YES;
				CLANG_WARN_CONSTANT_CONVERSION = YES;
				CLANG_WARN_DIRECT_OBJC_ISA_USAGE = YES_ERROR;
				CLANG_WARN_EMPTY_BODY = YES;
				CLANG_WARN_ENUM_CONVERSION = YES;
				CLANG_WARN_INT_CONVERSION = YES;
				CLANG_WARN_OBJC_ROOT_CLASS = YES_ERROR;
				CLANG_WARN_UNREACHABLE_CODE = YES;
				CLANG_WARN__DUPLICATE_METHOD_MATCH = YES;
				CODE_SIGN_IDENTITY = "-";
				COPY_PHASE_STRIP = NO;
				ENABLE_STRICT_OBJC_MSGSEND = YES;
				GCC_C_LANGUAGE_STANDARD = gnu99;
				GCC_DYNAMIC_NO_PIC = NO;
				GCC_OPTIMIZATION_LEVEL = 0;
				GCC_PREPROCESSOR_DEFINITIONS = (
					"DEBUG=1",
					"$(inherited)",
				);
				GCC_SYMBOLS_PRIVATE_EXTERN = NO;
				GCC_WARN_64_TO_32_BIT_CONVERSION = YES;
				GCC_WARN_ABOUT_RETURN_TYPE = YES_ERROR;
				GCC_WARN_UNDECLARED_SELECTOR = YES;
				GCC_WARN_UNINITIALIZED_AUTOS = YES_AGGRESSIVE;
				GCC_WARN_UNUSED_FUNCTION = YES;
				GCC_WARN_UNUSED_VARIABLE = YES;
				MACOSX_DEPLOYMENT_TARGET = 10.10;
				MTL_ENABLE_DEBUG_INFO = YES;
				ONLY_ACTIVE_ARCH = YES;
				SDKROOT = macosx;
			};
			name = Debug;
		};
		5132FAD31A5FC10300A43A59 /* Release */ = {
			isa = XCBuildConfiguration;
			buildSettings = {
				ALWAYS_SEARCH_USER_PATHS = NO;
				CLANG_CXX_LANGUAGE_STANDARD = "gnu++0x";
				CLANG_CXX_LIBRARY = "libc++";
				CLANG_ENABLE_MODULES = YES;
				CLANG_ENABLE_OBJC_ARC = YES;
				CLANG_WARN_BOOL_CONVERSION = YES;
				CLANG_WARN_CONSTANT_CONVERSION = YES;
				CLANG_WARN_DIRECT_OBJC_ISA_USAGE = YES_ERROR;
				CLANG_WARN_EMPTY_BODY = YES;
				CLANG_WARN_ENUM_CONVERSION = YES;
				CLANG_WARN_INT_CONVERSION = YES;
				CLANG_WARN_OBJC_ROOT_CLASS = YES_ERROR;
				CLANG_WARN_UNREACHABLE_CODE = YES;
				CLANG_WARN__DUPLICATE_METHOD_MATCH = YES;
				CODE_SIGN_IDENTITY = "-";
				COPY_PHASE_STRIP = YES;
				DEBUG_INFORMATION_FORMAT = "dwarf-with-dsym";
				ENABLE_NS_ASSERTIONS = NO;
				ENABLE_STRICT_OBJC_MSGSEND = YES;
				GCC_C_LANGUAGE_STANDARD = gnu99;
				GCC_WARN_64_TO_32_BIT_CONVERSION = YES;
				GCC_WARN_ABOUT_RETURN_TYPE = YES_ERROR;
				GCC_WARN_UNDECLARED_SELECTOR = YES;
				GCC_WARN_UNINITIALIZED_AUTOS = YES_AGGRESSIVE;
				GCC_WARN_UNUSED_FUNCTION = YES;
				GCC_WARN_UNUSED_VARIABLE = YES;
				MACOSX_DEPLOYMENT_TARGET = 10.10;
				MTL_ENABLE_DEBUG_INFO = NO;
				SDKROOT = macosx;
			};
			name = Release;
		};
		5132FAD51A5FC10300A43A59 /* Debug */ = {
			isa = XCBuildConfiguration;
			baseConfigurationReference = 1FBA87E4F9AB86CE995F70A4 /* Pods.debug.xcconfig */;
			buildSettings = {
				ASSETCATALOG_COMPILER_APPICON_NAME = AppIcon;
				COMBINE_HIDPI_IMAGES = YES;
				INFOPLIST_FILE = "Hearthstone-Deck-Tracker/Info.plist";
				LD_RUNPATH_SEARCH_PATHS = "$(inherited) @executable_path/../Frameworks";
				PRODUCT_NAME = "$(TARGET_NAME)";
			};
			name = Debug;
		};
		5132FAD61A5FC10300A43A59 /* Release */ = {
			isa = XCBuildConfiguration;
			baseConfigurationReference = 774564573B6A33F52AC6E9AA /* Pods.release.xcconfig */;
			buildSettings = {
				ASSETCATALOG_COMPILER_APPICON_NAME = AppIcon;
				COMBINE_HIDPI_IMAGES = YES;
				INFOPLIST_FILE = "Hearthstone-Deck-Tracker/Info.plist";
				LD_RUNPATH_SEARCH_PATHS = "$(inherited) @executable_path/../Frameworks";
				PRODUCT_NAME = "$(TARGET_NAME)";
			};
			name = Release;
		};
		5132FAD81A5FC10300A43A59 /* Debug */ = {
			isa = XCBuildConfiguration;
			buildSettings = {
				BUNDLE_LOADER = "$(TEST_HOST)";
				COMBINE_HIDPI_IMAGES = YES;
				FRAMEWORK_SEARCH_PATHS = (
					"$(DEVELOPER_FRAMEWORKS_DIR)",
					"$(inherited)",
				);
				GCC_PREPROCESSOR_DEFINITIONS = (
					"DEBUG=1",
					"$(inherited)",
				);
				INFOPLIST_FILE = "Hearthstone-Deck-TrackerTests/Info.plist";
				LD_RUNPATH_SEARCH_PATHS = "$(inherited) @executable_path/../Frameworks @loader_path/../Frameworks";
				PRODUCT_NAME = "$(TARGET_NAME)";
				TEST_HOST = "$(BUILT_PRODUCTS_DIR)/Hearthstone-Deck-Tracker.app/Contents/MacOS/Hearthstone-Deck-Tracker";
			};
			name = Debug;
		};
		5132FAD91A5FC10300A43A59 /* Release */ = {
			isa = XCBuildConfiguration;
			buildSettings = {
				BUNDLE_LOADER = "$(TEST_HOST)";
				COMBINE_HIDPI_IMAGES = YES;
				FRAMEWORK_SEARCH_PATHS = (
					"$(DEVELOPER_FRAMEWORKS_DIR)",
					"$(inherited)",
				);
				INFOPLIST_FILE = "Hearthstone-Deck-TrackerTests/Info.plist";
				LD_RUNPATH_SEARCH_PATHS = "$(inherited) @executable_path/../Frameworks @loader_path/../Frameworks";
				PRODUCT_NAME = "$(TARGET_NAME)";
				TEST_HOST = "$(BUILT_PRODUCTS_DIR)/Hearthstone-Deck-Tracker.app/Contents/MacOS/Hearthstone-Deck-Tracker";
			};
			name = Release;
		};
/* End XCBuildConfiguration section */

/* Begin XCConfigurationList section */
		5132FAAF1A5FC10200A43A59 /* Build configuration list for PBXProject "Hearthstone-Deck-Tracker" */ = {
			isa = XCConfigurationList;
			buildConfigurations = (
				5132FAD21A5FC10300A43A59 /* Debug */,
				5132FAD31A5FC10300A43A59 /* Release */,
			);
			defaultConfigurationIsVisible = 0;
			defaultConfigurationName = Release;
		};
		5132FAD41A5FC10300A43A59 /* Build configuration list for PBXNativeTarget "Deck Tracker" */ = {
			isa = XCConfigurationList;
			buildConfigurations = (
				5132FAD51A5FC10300A43A59 /* Debug */,
				5132FAD61A5FC10300A43A59 /* Release */,
			);
			defaultConfigurationIsVisible = 0;
			defaultConfigurationName = Release;
		};
		5132FAD71A5FC10300A43A59 /* Build configuration list for PBXNativeTarget "Hearthstone-Deck-TrackerTests" */ = {
			isa = XCConfigurationList;
			buildConfigurations = (
				5132FAD81A5FC10300A43A59 /* Debug */,
				5132FAD91A5FC10300A43A59 /* Release */,
			);
			defaultConfigurationIsVisible = 0;
			defaultConfigurationName = Release;
		};
/* End XCConfigurationList section */
	};
	rootObject = 5132FAAC1A5FC10200A43A59 /* Project object */;
}
