<?xml version="1.0" encoding="UTF-8"?>
<Scheme
   version = "1.3">
   <BuildAction>
      <BuildActionEntries>
         <BuildActionEntry
            buildForRunning = "YES">
            <BuildableReference
               BuildableIdentifier = "primary"
               BlueprintIdentifier = "5132FAB31A5FC10200A43A59"
               BuildableName = "Deck Tracker.app"
               BlueprintName = "Deck Tracker"
               ReferencedContainer = "container:Hearthstone-Deck-Tracker.xcodeproj">
            </BuildableReference>
         </BuildActionEntry>
      </BuildActionEntries>
   </BuildAction>
   <LaunchAction
      useCustomWorkingDirectory = "NO"
      buildConfiguration = "Debug">
      <BuildableProductRunnable>
         <BuildableReference
            BuildableIdentifier = "primary"
            BlueprintIdentifier = "5132FAB31A5FC10200A43A59"
            BuildableName = "Deck Tracker.app"
            BlueprintName = "Deck Tracker"
            ReferencedContainer = "container:Hearthstone-Deck-Tracker.xcodeproj">
         </BuildableReference>
      </BuildableProductRunnable>
   </LaunchAction>
</Scheme>
